// !$*UTF8*$!
{
	archiveVersion = 1;
	classes = {
	};
	objectVersion = 55;
	objects = {

/* Begin PBXBuildFile section */
		3ADDBDF42772ED0200321840 /* AppDelegate.swift in Sources */ = {isa = PBXBuildFile; fileRef = 3ADDBDF32772ED0200321840 /* AppDelegate.swift */; };
		3ADDBDF62772ED0200321840 /* SceneDelegate.swift in Sources */ = {isa = PBXBuildFile; fileRef = 3ADDBDF52772ED0200321840 /* SceneDelegate.swift */; };
		3ADDBDF82772ED0200321840 /* ViewController.swift in Sources */ = {isa = PBXBuildFile; fileRef = 3ADDBDF72772ED0200321840 /* ViewController.swift */; };
		3ADDBDFB2772ED0200321840 /* Main.storyboard in Resources */ = {isa = PBXBuildFile; fileRef = 3ADDBDF92772ED0200321840 /* Main.storyboard */; };
		3ADDBDFD2772ED0300321840 /* Assets.xcassets in Resources */ = {isa = PBXBuildFile; fileRef = 3ADDBDFC2772ED0300321840 /* Assets.xcassets */; };
		3ADDBE002772ED0300321840 /* LaunchScreen.storyboard in Resources */ = {isa = PBXBuildFile; fileRef = 3ADDBDFE2772ED0300321840 /* LaunchScreen.storyboard */; };
		3ADDBE0B2772ED0300321840 /* adding_numbersTests.swift in Sources */ = {isa = PBXBuildFile; fileRef = 3ADDBE0A2772ED0300321840 /* adding_numbersTests.swift */; };
		3ADDBE152772ED0300321840 /* adding_numbersUITests.swift in Sources */ = {isa = PBXBuildFile; fileRef = 3ADDBE142772ED0300321840 /* adding_numbersUITests.swift */; };
		3ADDBE172772ED0300321840 /* adding_numbersUITestsLaunchTests.swift in Sources */ = {isa = PBXBuildFile; fileRef = 3ADDBE162772ED0300321840 /* adding_numbersUITestsLaunchTests.swift */; };
/* End PBXBuildFile section */

/* Begin PBXContainerItemProxy section */
		3ADDBE072772ED0300321840 /* PBXContainerItemProxy */ = {
			isa = PBXContainerItemProxy;
			containerPortal = 3ADDBDE82772ED0200321840 /* Project object */;
			proxyType = 1;
			remoteGlobalIDString = 3ADDBDEF2772ED0200321840;
			remoteInfo = "adding numbers";
		};
		3ADDBE112772ED0300321840 /* PBXContainerItemProxy */ = {
			isa = PBXContainerItemProxy;
			containerPortal = 3ADDBDE82772ED0200321840 /* Project object */;
			proxyType = 1;
			remoteGlobalIDString = 3ADDBDEF2772ED0200321840;
			remoteInfo = "adding numbers";
		};
/* End PBXContainerItemProxy section */

/* Begin PBXFileReference section */
		3ADDBDF02772ED0200321840 /* adding numbers.app */ = {isa = PBXFileReference; explicitFileType = wrapper.application; includeInIndex = 0; path = "adding numbers.app"; sourceTree = BUILT_PRODUCTS_DIR; };
		3ADDBDF32772ED0200321840 /* AppDelegate.swift */ = {isa = PBXFileReference; lastKnownFileType = sourcecode.swift; path = AppDelegate.swift; sourceTree = "<group>"; };
		3ADDBDF52772ED0200321840 /* SceneDelegate.swift */ = {isa = PBXFileReference; lastKnownFileType = sourcecode.swift; path = SceneDelegate.swift; sourceTree = "<group>"; };
		3ADDBDF72772ED0200321840 /* ViewController.swift */ = {isa = PBXFileReference; lastKnownFileType = sourcecode.swift; path = ViewController.swift; sourceTree = "<group>"; };
		3ADDBDFA2772ED0200321840 /* Base */ = {isa = PBXFileReference; lastKnownFileType = file.storyboard; name = Base; path = Base.lproj/Main.storyboard; sourceTree = "<group>"; };
		3ADDBDFC2772ED0300321840 /* Assets.xcassets */ = {isa = PBXFileReference; lastKnownFileType = folder.assetcatalog; path = Assets.xcassets; sourceTree = "<group>"; };
		3ADDBDFF2772ED0300321840 /* Base */ = {isa = PBXFileReference; lastKnownFileType = file.storyboard; name = Base; path = Base.lproj/LaunchScreen.storyboard; sourceTree = "<group>"; };
		3ADDBE012772ED0300321840 /* Info.plist */ = {isa = PBXFileReference; lastKnownFileType = text.plist.xml; path = Info.plist; sourceTree = "<group>"; };
		3ADDBE062772ED0300321840 /* adding numbersTests.xctest */ = {isa = PBXFileReference; explicitFileType = wrapper.cfbundle; includeInIndex = 0; path = "adding numbersTests.xctest"; sourceTree = BUILT_PRODUCTS_DIR; };
		3ADDBE0A2772ED0300321840 /* adding_numbersTests.swift */ = {isa = PBXFileReference; lastKnownFileType = sourcecode.swift; path = adding_numbersTests.swift; sourceTree = "<group>"; };
		3ADDBE102772ED0300321840 /* adding numbersUITests.xctest */ = {isa = PBXFileReference; explicitFileType = wrapper.cfbundle; includeInIndex = 0; path = "adding numbersUITests.xctest"; sourceTree = BUILT_PRODUCTS_DIR; };
		3ADDBE142772ED0300321840 /* adding_numbersUITests.swift */ = {isa = PBXFileReference; lastKnownFileType = sourcecode.swift; path = adding_numbersUITests.swift; sourceTree = "<group>"; };
		3ADDBE162772ED0300321840 /* adding_numbersUITestsLaunchTests.swift */ = {isa = PBXFileReference; lastKnownFileType = sourcecode.swift; path = adding_numbersUITestsLaunchTests.swift; sourceTree = "<group>"; };
/* End PBXFileReference section */

/* Begin PBXFrameworksBuildPhase section */
		3ADDBDED2772ED0200321840 /* Frameworks */ = {
			isa = PBXFrameworksBuildPhase;
			buildActionMask = 2147483647;
			files = (
			);
			runOnlyForDeploymentPostprocessing = 0;
		};
		3ADDBE032772ED0300321840 /* Frameworks */ = {
			isa = PBXFrameworksBuildPhase;
			buildActionMask = 2147483647;
			files = (
			);
			runOnlyForDeploymentPostprocessing = 0;
		};
		3ADDBE0D2772ED0300321840 /* Frameworks */ = {
			isa = PBXFrameworksBuildPhase;
			buildActionMask = 2147483647;
			files = (
			);
			runOnlyForDeploymentPostprocessing = 0;
		};
/* End PBXFrameworksBuildPhase section */

/* Begin PBXGroup section */
		3ADDBDE72772ED0200321840 = {
			isa = PBXGroup;
			children = (
				3ADDBDF22772ED0200321840 /* adding numbers */,
				3ADDBE092772ED0300321840 /* adding numbersTests */,
				3ADDBE132772ED0300321840 /* adding numbersUITests */,
				3ADDBDF12772ED0200321840 /* Products */,
			);
			sourceTree = "<group>";
		};
		3ADDBDF12772ED0200321840 /* Products */ = {
			isa = PBXGroup;
			children = (
				3ADDBDF02772ED0200321840 /* adding numbers.app */,
				3ADDBE062772ED0300321840 /* adding numbersTests.xctest */,
				3ADDBE102772ED0300321840 /* adding numbersUITests.xctest */,
			);
			name = Products;
			sourceTree = "<group>";
		};
		3ADDBDF22772ED0200321840 /* adding numbers */ = {
			isa = PBXGroup;
			children = (
				3ADDBDF32772ED0200321840 /* AppDelegate.swift */,
				3ADDBDF52772ED0200321840 /* SceneDelegate.swift */,
				3ADDBDF72772ED0200321840 /* ViewController.swift */,
				3ADDBDF92772ED0200321840 /* Main.storyboard */,
				3ADDBDFC2772ED0300321840 /* Assets.xcassets */,
				3ADDBDFE2772ED0300321840 /* LaunchScreen.storyboard */,
				3ADDBE012772ED0300321840 /* Info.plist */,
			);
			path = "adding numbers";
			sourceTree = "<group>";
		};
		3ADDBE092772ED0300321840 /* adding numbersTests */ = {
			isa = PBXGroup;
			children = (
				3ADDBE0A2772ED0300321840 /* adding_numbersTests.swift */,
			);
			path = "adding numbersTests";
			sourceTree = "<group>";
		};
		3ADDBE132772ED0300321840 /* adding numbersUITests */ = {
			isa = PBXGroup;
			children = (
				3ADDBE142772ED0300321840 /* adding_numbersUITests.swift */,
				3ADDBE162772ED0300321840 /* adding_numbersUITestsLaunchTests.swift */,
			);
			path = "adding numbersUITests";
			sourceTree = "<group>";
		};
/* End PBXGroup section */

/* Begin PBXNativeTarget section */
		3ADDBDEF2772ED0200321840 /* adding numbers */ = {
			isa = PBXNativeTarget;
			buildConfigurationList = 3ADDBE1A2772ED0300321840 /* Build configuration list for PBXNativeTarget "adding numbers" */;
			buildPhases = (
				3ADDBDEC2772ED0200321840 /* Sources */,
				3ADDBDED2772ED0200321840 /* Frameworks */,
				3ADDBDEE2772ED0200321840 /* Resources */,
			);
			buildRules = (
			);
			dependencies = (
			);
			name = "adding numbers";
			productName = "adding numbers";
			productReference = 3ADDBDF02772ED0200321840 /* adding numbers.app */;
			productType = "com.apple.product-type.application";
		};
		3ADDBE052772ED0300321840 /* adding numbersTests */ = {
			isa = PBXNativeTarget;
			buildConfigurationList = 3ADDBE1D2772ED0300321840 /* Build configuration list for PBXNativeTarget "adding numbersTests" */;
			buildPhases = (
				3ADDBE022772ED0300321840 /* Sources */,
				3ADDBE032772ED0300321840 /* Frameworks */,
				3ADDBE042772ED0300321840 /* Resources */,
			);
			buildRules = (
			);
			dependencies = (
				3ADDBE082772ED0300321840 /* PBXTargetDependency */,
			);
			name = "adding numbersTests";
			productName = "adding numbersTests";
			productReference = 3ADDBE062772ED0300321840 /* adding numbersTests.xctest */;
			productType = "com.apple.product-type.bundle.unit-test";
		};
		3ADDBE0F2772ED0300321840 /* adding numbersUITests */ = {
			isa = PBXNativeTarget;
			buildConfigurationList = 3ADDBE202772ED0300321840 /* Build configuration list for PBXNativeTarget "adding numbersUITests" */;
			buildPhases = (
				3ADDBE0C2772ED0300321840 /* Sources */,
				3ADDBE0D2772ED0300321840 /* Frameworks */,
				3ADDBE0E2772ED0300321840 /* Resources */,
			);
			buildRules = (
			);
			dependencies = (
				3ADDBE122772ED0300321840 /* PBXTargetDependency */,
			);
			name = "adding numbersUITests";
			productName = "adding numbersUITests";
			productReference = 3ADDBE102772ED0300321840 /* adding numbersUITests.xctest */;
			productType = "com.apple.product-type.bundle.ui-testing";
		};
/* End PBXNativeTarget section */

/* Begin PBXProject section */
		3ADDBDE82772ED0200321840 /* Project object */ = {
			isa = PBXProject;
			attributes = {
				BuildIndependentTargetsInParallel = 1;
				LastSwiftUpdateCheck = 1320;
				LastUpgradeCheck = 1320;
				TargetAttributes = {
					3ADDBDEF2772ED0200321840 = {
						CreatedOnToolsVersion = 13.2.1;
					};
					3ADDBE052772ED0300321840 = {
						CreatedOnToolsVersion = 13.2.1;
						TestTargetID = 3ADDBDEF2772ED0200321840;
					};
					3ADDBE0F2772ED0300321840 = {
						CreatedOnToolsVersion = 13.2.1;
						TestTargetID = 3ADDBDEF2772ED0200321840;
					};
				};
			};
			buildConfigurationList = 3ADDBDEB2772ED0200321840 /* Build configuration list for PBXProject "adding numbers" */;
			compatibilityVersion = "Xcode 13.0";
			developmentRegion = en;
			hasScannedForEncodings = 0;
			knownRegions = (
				en,
				Base,
			);
			mainGroup = 3ADDBDE72772ED0200321840;
			productRefGroup = 3ADDBDF12772ED0200321840 /* Products */;
			projectDirPath = "";
			projectRoot = "";
			targets = (
				3ADDBDEF2772ED0200321840 /* adding numbers */,
				3ADDBE052772ED0300321840 /* adding numbersTests */,
				3ADDBE0F2772ED0300321840 /* adding numbersUITests */,
			);
		};
/* End PBXProject section */

/* Begin PBXResourcesBuildPhase section */
		3ADDBDEE2772ED0200321840 /* Resources */ = {
			isa = PBXResourcesBuildPhase;
			buildActionMask = 2147483647;
			files = (
				3ADDBE002772ED0300321840 /* LaunchScreen.storyboard in Resources */,
				3ADDBDFD2772ED0300321840 /* Assets.xcassets in Resources */,
				3ADDBDFB2772ED0200321840 /* Main.storyboard in Resources */,
			);
			runOnlyForDeploymentPostprocessing = 0;
		};
		3ADDBE042772ED0300321840 /* Resources */ = {
			isa = PBXResourcesBuildPhase;
			buildActionMask = 2147483647;
			files = (
			);
			runOnlyForDeploymentPostprocessing = 0;
		};
		3ADDBE0E2772ED0300321840 /* Resources */ = {
			isa = PBXResourcesBuildPhase;
			buildActionMask = 2147483647;
			files = (
			);
			runOnlyForDeploymentPostprocessing = 0;
		};
/* End PBXResourcesBuildPhase section */

/* Begin PBXSourcesBuildPhase section */
		3ADDBDEC2772ED0200321840 /* Sources */ = {
			isa = PBXSourcesBuildPhase;
			buildActionMask = 2147483647;
			files = (
				3ADDBDF82772ED0200321840 /* ViewController.swift in Sources */,
				3ADDBDF42772ED0200321840 /* AppDelegate.swift in Sources */,
				3ADDBDF62772ED0200321840 /* SceneDelegate.swift in Sources */,
			);
			runOnlyForDeploymentPostprocessing = 0;
		};
		3ADDBE022772ED0300321840 /* Sources */ = {
			isa = PBXSourcesBuildPhase;
			buildActionMask = 2147483647;
			files = (
				3ADDBE0B2772ED0300321840 /* adding_numbersTests.swift in Sources */,
			);
			runOnlyForDeploymentPostprocessing = 0;
		};
		3ADDBE0C2772ED0300321840 /* Sources */ = {
			isa = PBXSourcesBuildPhase;
			buildActionMask = 2147483647;
			files = (
				3ADDBE172772ED0300321840 /* adding_numbersUITestsLaunchTests.swift in Sources */,
				3ADDBE152772ED0300321840 /* adding_numbersUITests.swift in Sources */,
			);
			runOnlyForDeploymentPostprocessing = 0;
		};
/* End PBXSourcesBuildPhase section */

/* Begin PBXTargetDependency section */
		3ADDBE082772ED0300321840 /* PBXTargetDependency */ = {
			isa = PBXTargetDependency;
			target = 3ADDBDEF2772ED0200321840 /* adding numbers */;
			targetProxy = 3ADDBE072772ED0300321840 /* PBXContainerItemProxy */;
		};
		3ADDBE122772ED0300321840 /* PBXTargetDependency */ = {
			isa = PBXTargetDependency;
			target = 3ADDBDEF2772ED0200321840 /* adding numbers */;
			targetProxy = 3ADDBE112772ED0300321840 /* PBXContainerItemProxy */;
		};
/* End PBXTargetDependency section */

/* Begin PBXVariantGroup section */
		3ADDBDF92772ED0200321840 /* Main.storyboard */ = {
			isa = PBXVariantGroup;
			children = (
				3ADDBDFA2772ED0200321840 /* Base */,
			);
			name = Main.storyboard;
			sourceTree = "<group>";
		};
		3ADDBDFE2772ED0300321840 /* LaunchScreen.storyboard */ = {
			isa = PBXVariantGroup;
			children = (
				3ADDBDFF2772ED0300321840 /* Base */,
			);
			name = LaunchScreen.storyboard;
			sourceTree = "<group>";
		};
/* End PBXVariantGroup section */

/* Begin XCBuildConfiguration section */
		3ADDBE182772ED0300321840 /* Debug */ = {
			isa = XCBuildConfiguration;
			buildSettings = {
				ALWAYS_SEARCH_USER_PATHS = NO;
				CLANG_ANALYZER_NONNULL = YES;
				CLANG_ANALYZER_NUMBER_OBJECT_CONVERSION = YES_AGGRESSIVE;
				CLANG_CXX_LANGUAGE_STANDARD = "gnu++17";
				CLANG_CXX_LIBRARY = "libc++";
				CLANG_ENABLE_MODULES = YES;
				CLANG_ENABLE_OBJC_ARC = YES;
				CLANG_ENABLE_OBJC_WEAK = YES;
				CLANG_WARN_BLOCK_CAPTURE_AUTORELEASING = YES;
				CLANG_WARN_BOOL_CONVERSION = YES;
				CLANG_WARN_COMMA = YES;
				CLANG_WARN_CONSTANT_CONVERSION = YES;
				CLANG_WARN_DEPRECATED_OBJC_IMPLEMENTATIONS = YES;
				CLANG_WARN_DIRECT_OBJC_ISA_USAGE = YES_ERROR;
				CLANG_WARN_DOCUMENTATION_COMMENTS = YES;
				CLANG_WARN_EMPTY_BODY = YES;
				CLANG_WARN_ENUM_CONVERSION = YES;
				CLANG_WARN_INFINITE_RECURSION = YES;
				CLANG_WARN_INT_CONVERSION = YES;
				CLANG_WARN_NON_LITERAL_NULL_CONVERSION = YES;
				CLANG_WARN_OBJC_IMPLICIT_RETAIN_SELF = YES;
				CLANG_WARN_OBJC_LITERAL_CONVERSION = YES;
				CLANG_WARN_OBJC_ROOT_CLASS = YES_ERROR;
				CLANG_WARN_QUOTED_INCLUDE_IN_FRAMEWORK_HEADER = YES;
				CLANG_WARN_RANGE_LOOP_ANALYSIS = YES;
				CLANG_WARN_STRICT_PROTOTYPES = YES;
				CLANG_WARN_SUSPICIOUS_MOVE = YES;
				CLANG_WARN_UNGUARDED_AVAILABILITY = YES_AGGRESSIVE;
				CLANG_WARN_UNREACHABLE_CODE = YES;
				CLANG_WARN__DUPLICATE_METHOD_MATCH = YES;
				COPY_PHASE_STRIP = NO;
				DEBUG_INFORMATION_FORMAT = dwarf;
				ENABLE_STRICT_OBJC_MSGSEND = YES;
				ENABLE_TESTABILITY = YES;
				GCC_C_LANGUAGE_STANDARD = gnu11;
				GCC_DYNAMIC_NO_PIC = NO;
				GCC_NO_COMMON_BLOCKS = YES;
				GCC_OPTIMIZATION_LEVEL = 0;
				GCC_PREPROCESSOR_DEFINITIONS = (
					"DEBUG=1",
					"$(inherited)",
				);
				GCC_WARN_64_TO_32_BIT_CONVERSION = YES;
				GCC_WARN_ABOUT_RETURN_TYPE = YES_ERROR;
				GCC_WARN_UNDECLARED_SELECTOR = YES;
				GCC_WARN_UNINITIALIZED_AUTOS = YES_AGGRESSIVE;
				GCC_WARN_UNUSED_FUNCTION = YES;
				GCC_WARN_UNUSED_VARIABLE = YES;
				IPHONEOS_DEPLOYMENT_TARGET = 15.2;
				MTL_ENABLE_DEBUG_INFO = INCLUDE_SOURCE;
				MTL_FAST_MATH = YES;
				ONLY_ACTIVE_ARCH = YES;
				SDKROOT = iphoneos;
				SWIFT_ACTIVE_COMPILATION_CONDITIONS = DEBUG;
				SWIFT_OPTIMIZATION_LEVEL = "-Onone";
			};
			name = Debug;
		};
		3ADDBE192772ED0300321840 /* Release */ = {
			isa = XCBuildConfiguration;
			buildSettings = {
				ALWAYS_SEARCH_USER_PATHS = NO;
				CLANG_ANALYZER_NONNULL = YES;
				CLANG_ANALYZER_NUMBER_OBJECT_CONVERSION = YES_AGGRESSIVE;
				CLANG_CXX_LANGUAGE_STANDARD = "gnu++17";
				CLANG_CXX_LIBRARY = "libc++";
				CLANG_ENABLE_MODULES = YES;
				CLANG_ENABLE_OBJC_ARC = YES;
				CLANG_ENABLE_OBJC_WEAK = YES;
				CLANG_WARN_BLOCK_CAPTURE_AUTORELEASING = YES;
				CLANG_WARN_BOOL_CONVERSION = YES;
				CLANG_WARN_COMMA = YES;
				CLANG_WARN_CONSTANT_CONVERSION = YES;
				CLANG_WARN_DEPRECATED_OBJC_IMPLEMENTATIONS = YES;
				CLANG_WARN_DIRECT_OBJC_ISA_USAGE = YES_ERROR;
				CLANG_WARN_DOCUMENTATION_COMMENTS = YES;
				CLANG_WARN_EMPTY_BODY = YES;
				CLANG_WARN_ENUM_CONVERSION = YES;
				CLANG_WARN_INFINITE_RECURSION = YES;
				CLANG_WARN_INT_CONVERSION = YES;
				CLANG_WARN_NON_LITERAL_NULL_CONVERSION = YES;
				CLANG_WARN_OBJC_IMPLICIT_RETAIN_SELF = YES;
				CLANG_WARN_OBJC_LITERAL_CONVERSION = YES;
				CLANG_WARN_OBJC_ROOT_CLASS = YES_ERROR;
				CLANG_WARN_QUOTED_INCLUDE_IN_FRAMEWORK_HEADER = YES;
				CLANG_WARN_RANGE_LOOP_ANALYSIS = YES;
				CLANG_WARN_STRICT_PROTOTYPES = YES;
				CLANG_WARN_SUSPICIOUS_MOVE = YES;
				CLANG_WARN_UNGUARDED_AVAILABILITY = YES_AGGRESSIVE;
				CLANG_WARN_UNREACHABLE_CODE = YES;
				CLANG_WARN__DUPLICATE_METHOD_MATCH = YES;
				COPY_PHASE_STRIP = NO;
				DEBUG_INFORMATION_FORMAT = "dwarf-with-dsym";
				ENABLE_NS_ASSERTIONS = NO;
				ENABLE_STRICT_OBJC_MSGSEND = YES;
				GCC_C_LANGUAGE_STANDARD = gnu11;
				GCC_NO_COMMON_BLOCKS = YES;
				GCC_WARN_64_TO_32_BIT_CONVERSION = YES;
				GCC_WARN_ABOUT_RETURN_TYPE = YES_ERROR;
				GCC_WARN_UNDECLARED_SELECTOR = YES;
				GCC_WARN_UNINITIALIZED_AUTOS = YES_AGGRESSIVE;
				GCC_WARN_UNUSED_FUNCTION = YES;
				GCC_WARN_UNUSED_VARIABLE = YES;
				IPHONEOS_DEPLOYMENT_TARGET = 15.2;
				MTL_ENABLE_DEBUG_INFO = NO;
				MTL_FAST_MATH = YES;
				SDKROOT = iphoneos;
				SWIFT_COMPILATION_MODE = wholemodule;
				SWIFT_OPTIMIZATION_LEVEL = "-O";
				VALIDATE_PRODUCT = YES;
			};
			name = Release;
		};
		3ADDBE1B2772ED0300321840 /* Debug */ = {
			isa = XCBuildConfiguration;
			buildSettings = {
				ASSETCATALOG_COMPILER_APPICON_NAME = AppIcon;
				ASSETCATALOG_COMPILER_GLOBAL_ACCENT_COLOR_NAME = AccentColor;
				CODE_SIGN_STYLE = Automatic;
				CURRENT_PROJECT_VERSION = 1;
				DEVELOPMENT_TEAM = YYD2J449J6;
				GENERATE_INFOPLIST_FILE = YES;
				INFOPLIST_FILE = "adding numbers/Info.plist";
				INFOPLIST_KEY_UIApplicationSupportsIndirectInputEvents = YES;
				INFOPLIST_KEY_UILaunchStoryboardName = LaunchScreen;
				INFOPLIST_KEY_UIMainStoryboardFile = Main;
				INFOPLIST_KEY_UISupportedInterfaceOrientations_iPad = "UIInterfaceOrientationPortrait UIInterfaceOrientationPortraitUpsideDown UIInterfaceOrientationLandscapeLeft UIInterfaceOrientationLandscapeRight";
				INFOPLIST_KEY_UISupportedInterfaceOrientations_iPhone = "UIInterfaceOrientationPortrait UIInterfaceOrientationLandscapeLeft UIInterfaceOrientationLandscapeRight";
				LD_RUNPATH_SEARCH_PATHS = (
					"$(inherited)",
					"@executable_path/Frameworks",
				);
				MARKETING_VERSION = 1.0;
				PRODUCT_BUNDLE_IDENTIFIER = "Gudino.adding-numbers";
				PRODUCT_NAME = "$(TARGET_NAME)";
				SWIFT_EMIT_LOC_STRINGS = YES;
				SWIFT_VERSION = 5.0;
				TARGETED_DEVICE_FAMILY = "1,2";
			};
			name = Debug;
		};
		3ADDBE1C2772ED0300321840 /* Release */ = {
			isa = XCBuildConfiguration;
			buildSettings = {
				ASSETCATALOG_COMPILER_APPICON_NAME = AppIcon;
				ASSETCATALOG_COMPILER_GLOBAL_ACCENT_COLOR_NAME = AccentColor;
				CODE_SIGN_STYLE = Automatic;
				CURRENT_PROJECT_VERSION = 1;
				DEVELOPMENT_TEAM = YYD2J449J6;
				GENERATE_INFOPLIST_FILE = YES;
				INFOPLIST_FILE = "adding numbers/Info.plist";
				INFOPLIST_KEY_UIApplicationSupportsIndirectInputEvents = YES;
				INFOPLIST_KEY_UILaunchStoryboardName = LaunchScreen;
				INFOPLIST_KEY_UIMainStoryboardFile = Main;
				INFOPLIST_KEY_UISupportedInterfaceOrientations_iPad = "UIInterfaceOrientationPortrait UIInterfaceOrientationPortraitUpsideDown UIInterfaceOrientationLandscapeLeft UIInterfaceOrientationLandscapeRight";
				INFOPLIST_KEY_UISupportedInterfaceOrientations_iPhone = "UIInterfaceOrientationPortrait UIInterfaceOrientationLandscapeLeft UIInterfaceOrientationLandscapeRight";
				LD_RUNPATH_SEARCH_PATHS = (
					"$(inherited)",
					"@executable_path/Frameworks",
				);
				MARKETING_VERSION = 1.0;
				PRODUCT_BUNDLE_IDENTIFIER = "Gudino.adding-numbers";
				PRODUCT_NAME = "$(TARGET_NAME)";
				SWIFT_EMIT_LOC_STRINGS = YES;
				SWIFT_VERSION = 5.0;
				TARGETED_DEVICE_FAMILY = "1,2";
			};
			name = Release;
		};
		3ADDBE1E2772ED0300321840 /* Debug */ = {
			isa = XCBuildConfiguration;
			buildSettings = {
				ALWAYS_EMBED_SWIFT_STANDARD_LIBRARIES = YES;
				BUNDLE_LOADER = "$(TEST_HOST)";
				CODE_SIGN_STYLE = Automatic;
				CURRENT_PROJECT_VERSION = 1;
				DEVELOPMENT_TEAM = YYD2J449J6;
				GENERATE_INFOPLIST_FILE = YES;
				IPHONEOS_DEPLOYMENT_TARGET = 15.2;
				MARKETING_VERSION = 1.0;
				PRODUCT_BUNDLE_IDENTIFIER = "Gudino.adding-numbersTests";
				PRODUCT_NAME = "$(TARGET_NAME)";
				SWIFT_EMIT_LOC_STRINGS = NO;
				SWIFT_VERSION = 5.0;
				TARGETED_DEVICE_FAMILY = "1,2";
				TEST_HOST = "$(BUILT_PRODUCTS_DIR)/adding numbers.app/adding numbers";
			};
			name = Debug;
		};
		3ADDBE1F2772ED0300321840 /* Release */ = {
			isa = XCBuildConfiguration;
			buildSettings = {
				ALWAYS_EMBED_SWIFT_STANDARD_LIBRARIES = YES;
				BUNDLE_LOADER = "$(TEST_HOST)";
				CODE_SIGN_STYLE = Automatic;
				CURRENT_PROJECT_VERSION = 1;
				DEVELOPMENT_TEAM = YYD2J449J6;
				GENERATE_INFOPLIST_FILE = YES;
				IPHONEOS_DEPLOYMENT_TARGET = 15.2;
				MARKETING_VERSION = 1.0;
				PRODUCT_BUNDLE_IDENTIFIER = "Gudino.adding-numbersTests";
				PRODUCT_NAME = "$(TARGET_NAME)";
				SWIFT_EMIT_LOC_STRINGS = NO;
				SWIFT_VERSION = 5.0;
				TARGETED_DEVICE_FAMILY = "1,2";
				TEST_HOST = "$(BUILT_PRODUCTS_DIR)/adding numbers.app/adding numbers";
			};
			name = Release;
		};
		3ADDBE212772ED0300321840 /* Debug */ = {
			isa = XCBuildConfiguration;
			buildSettings = {
				ALWAYS_EMBED_SWIFT_STANDARD_LIBRARIES = YES;
				CODE_SIGN_STYLE = Automatic;
				CURRENT_PROJECT_VERSION = 1;
				DEVELOPMENT_TEAM = YYD2J449J6;
				GENERATE_INFOPLIST_FILE = YES;
				MARKETING_VERSION = 1.0;
				PRODUCT_BUNDLE_IDENTIFIER = "Gudino.adding-numbersUITests";
				PRODUCT_NAME = "$(TARGET_NAME)";
				SWIFT_EMIT_LOC_STRINGS = NO;
				SWIFT_VERSION = 5.0;
				TARGETED_DEVICE_FAMILY = "1,2";
				TEST_TARGET_NAME = "adding numbers";
			};
			name = Debug;
		};
		3ADDBE222772ED0300321840 /* Release */ = {
			isa = XCBuildConfiguration;
			buildSettings = {
				ALWAYS_EMBED_SWIFT_STANDARD_LIBRARIES = YES;
				CODE_SIGN_STYLE = Automatic;
				CURRENT_PROJECT_VERSION = 1;
				DEVELOPMENT_TEAM = YYD2J449J6;
				GENERATE_INFOPLIST_FILE = YES;
				MARKETING_VERSION = 1.0;
				PRODUCT_BUNDLE_IDENTIFIER = "Gudino.adding-numbersUITests";
				PRODUCT_NAME = "$(TARGET_NAME)";
				SWIFT_EMIT_LOC_STRINGS = NO;
				SWIFT_VERSION = 5.0;
				TARGETED_DEVICE_FAMILY = "1,2";
				TEST_TARGET_NAME = "adding numbers";
			};
			name = Release;
		};
/* End XCBuildConfiguration section */

/* Begin XCConfigurationList section */
		3ADDBDEB2772ED0200321840 /* Build configuration list for PBXProject "adding numbers" */ = {
			isa = XCConfigurationList;
			buildConfigurations = (
				3ADDBE182772ED0300321840 /* Debug */,
				3ADDBE192772ED0300321840 /* Release */,
			);
			defaultConfigurationIsVisible = 0;
			defaultConfigurationName = Release;
		};
		3ADDBE1A2772ED0300321840 /* Build configuration list for PBXNativeTarget "adding numbers" */ = {
			isa = XCConfigurationList;
			buildConfigurations = (
				3ADDBE1B2772ED0300321840 /* Debug */,
				3ADDBE1C2772ED0300321840 /* Release */,
			);
			defaultConfigurationIsVisible = 0;
			defaultConfigurationName = Release;
		};
		3ADDBE1D2772ED0300321840 /* Build configuration list for PBXNativeTarget "adding numbersTests" */ = {
			isa = XCConfigurationList;
			buildConfigurations = (
				3ADDBE1E2772ED0300321840 /* Debug */,
				3ADDBE1F2772ED0300321840 /* Release */,
			);
			defaultConfigurationIsVisible = 0;
			defaultConfigurationName = Release;
		};
		3ADDBE202772ED0300321840 /* Build configuration list for PBXNativeTarget "adding numbersUITests" */ = {
			isa = XCConfigurationList;
			buildConfigurations = (
				3ADDBE212772ED0300321840 /* Debug */,
				3ADDBE222772ED0300321840 /* Release */,
			);
			defaultConfigurationIsVisible = 0;
			defaultConfigurationName = Release;
		};
/* End XCConfigurationList section */
	};
	rootObject = 3ADDBDE82772ED0200321840 /* Project object */;
}
